
Microsoft Visual Studio Solution File, Format Version 12.00
# Visual Studio Version 17
VisualStudioVersion = 17.12.35514.174 d17.12
MinimumVisualStudioVersion = 10.0.40219.1
Project("{FAE04EC0-301F-11D3-BF4B-00C04F79EFBC}") = "govno", "govno\govno.csproj", "{EBCD7D45-241F-4C0C-A55F-C7EF81D7B832}"
EndProject
Project("{FAE04EC0-301F-11D3-BF4B-00C04F79EFBC}") = "govno-api", "govno-api\govno-api.csproj", "{CE7C1D8B-32BA-4CDB-9BED-34411E9CBD11}"
EndProject
Global
	GlobalSection(SolutionConfigurationPlatforms) = preSolution
		Debug|Any CPU = Debug|Any CPU
		Release|Any CPU = Release|Any CPU
	EndGlobalSection
	GlobalSection(ProjectConfigurationPlatforms) = postSolution
		{EBCD7D45-241F-4C0C-A55F-C7EF81D7B832}.Debug|Any CPU.ActiveCfg = Debug|Any CPU
		{EBCD7D45-241F-4C0C-A55F-C7EF81D7B832}.Debug|Any CPU.Build.0 = Debug|Any CPU
		{EBCD7D45-241F-4C0C-A55F-C7EF81D7B832}.Release|Any CPU.ActiveCfg = Release|Any CPU
		{EBCD7D45-241F-4C0C-A55F-C7EF81D7B832}.Release|Any CPU.Build.0 = Release|Any CPU
		{CE7C1D8B-32BA-4CDB-9BED-34411E9CBD11}.Debug|Any CPU.ActiveCfg = Debug|Any CPU
		{CE7C1D8B-32BA-4CDB-9BED-34411E9CBD11}.Debug|Any CPU.Build.0 = Debug|Any CPU
		{CE7C1D8B-32BA-4CDB-9BED-34411E9CBD11}.Release|Any CPU.ActiveCfg = Release|Any CPU
		{CE7C1D8B-32BA-4CDB-9BED-34411E9CBD11}.Release|Any CPU.Build.0 = Release|Any CPU
	EndGlobalSection
	GlobalSection(SolutionProperties) = preSolution
		HideSolutionNode = FALSE
	EndGlobalSection
EndGlobal
